
Microsoft Visual Studio Solution File, Format Version 12.00
# Visual Studio 15
VisualStudioVersion = 15.0.28307.271
MinimumVisualStudioVersion = 10.0.40219.1
Project("{FAE04EC0-301F-11D3-BF4B-00C04F79EFBC}") = "Matrix", "Matrix\Matrix.csproj", "{BC43778F-1B77-4D76-B755-5FD8E32094B3}"
EndProject
Global
	GlobalSection(SolutionConfigurationPlatforms) = preSolution
		Debug|Any CPU = Debug|Any CPU
		Release|Any CPU = Release|Any CPU
	EndGlobalSection
	GlobalSection(ProjectConfigurationPlatforms) = postSolution
		{BC43778F-1B77-4D76-B755-5FD8E32094B3}.Debug|Any CPU.ActiveCfg = Debug|Any CPU
		{BC43778F-1B77-4D76-B755-5FD8E32094B3}.Debug|Any CPU.Build.0 = Debug|Any CPU
		{BC43778F-1B77-4D76-B755-5FD8E32094B3}.Release|Any CPU.ActiveCfg = Release|Any CPU
		{BC43778F-1B77-4D76-B755-5FD8E32094B3}.Release|Any CPU.Build.0 = Release|Any CPU
	EndGlobalSection
	GlobalSection(SolutionProperties) = preSolution
		HideSolutionNode = FALSE
	EndGlobalSection
	GlobalSection(ExtensibilityGlobals) = postSolution
		SolutionGuid = {5850A2FC-5952-4637-A0FF-400F9FAB624B}
	EndGlobalSection
EndGlobal
